
Microsoft Visual Studio Solution File, Format Version 12.00
# Visual Studio Version 16
VisualStudioVersion = 16.0.31402.337
MinimumVisualStudioVersion = 10.0.40219.1
Project("{FAE04EC0-301F-11D3-BF4B-00C04F79EFBC}") = "WinForms_Calculator_TDD", "WinForms_Calculator_TDD\WinForms_Calculator_TDD.csproj", "{37E2CBFF-F1AA-4748-AF5E-E3B97C2ED308}"
EndProject
Project("{FAE04EC0-301F-11D3-BF4B-00C04F79EFBC}") = "CalculatorLogic", "CalculatorLogic\CalculatorLogic.csproj", "{B7E53BBE-D337-42F6-B95E-8BE3E5020D8A}"
EndProject
Project("{FAE04EC0-301F-11D3-BF4B-00C04F79EFBC}") = "CalculatorLogicTests", "CalculatorLogicTests\CalculatorLogicTests.csproj", "{0D7EDCB0-022B-4C19-9101-5D3355FBEC5D}"
EndProject
Global
	GlobalSection(SolutionConfigurationPlatforms) = preSolution
		Debug|Any CPU = Debug|Any CPU
		Release|Any CPU = Release|Any CPU
	EndGlobalSection
	GlobalSection(ProjectConfigurationPlatforms) = postSolution
		{37E2CBFF-F1AA-4748-AF5E-E3B97C2ED308}.Debug|Any CPU.ActiveCfg = Debug|Any CPU
		{37E2CBFF-F1AA-4748-AF5E-E3B97C2ED308}.Debug|Any CPU.Build.0 = Debug|Any CPU
		{37E2CBFF-F1AA-4748-AF5E-E3B97C2ED308}.Release|Any CPU.ActiveCfg = Release|Any CPU
		{37E2CBFF-F1AA-4748-AF5E-E3B97C2ED308}.Release|Any CPU.Build.0 = Release|Any CPU
		{B7E53BBE-D337-42F6-B95E-8BE3E5020D8A}.Debug|Any CPU.ActiveCfg = Debug|Any CPU
		{B7E53BBE-D337-42F6-B95E-8BE3E5020D8A}.Debug|Any CPU.Build.0 = Debug|Any CPU
		{B7E53BBE-D337-42F6-B95E-8BE3E5020D8A}.Release|Any CPU.ActiveCfg = Release|Any CPU
		{B7E53BBE-D337-42F6-B95E-8BE3E5020D8A}.Release|Any CPU.Build.0 = Release|Any CPU
		{0D7EDCB0-022B-4C19-9101-5D3355FBEC5D}.Debug|Any CPU.ActiveCfg = Debug|Any CPU
		{0D7EDCB0-022B-4C19-9101-5D3355FBEC5D}.Debug|Any CPU.Build.0 = Debug|Any CPU
		{0D7EDCB0-022B-4C19-9101-5D3355FBEC5D}.Release|Any CPU.ActiveCfg = Release|Any CPU
		{0D7EDCB0-022B-4C19-9101-5D3355FBEC5D}.Release|Any CPU.Build.0 = Release|Any CPU
	EndGlobalSection
	GlobalSection(SolutionProperties) = preSolution
		HideSolutionNode = FALSE
	EndGlobalSection
	GlobalSection(ExtensibilityGlobals) = postSolution
		SolutionGuid = {F509E606-2B68-431F-9F41-4B53DA8F1C32}
	EndGlobalSection
EndGlobal
